
Microsoft Visual Studio Solution File, Format Version 12.00
# Visual Studio Version 17
VisualStudioVersion = 17.8.34525.116
MinimumVisualStudioVersion = 10.0.40219.1
Project("{FAE04EC0-301F-11D3-BF4B-00C04F79EFBC}") = "backendAttendance", "backendAttendance\backendAttendance.csproj", "{80180C2F-69DE-4381-ABED-98557518A871}"
EndProject
Global
	GlobalSection(SolutionConfigurationPlatforms) = preSolution
		Debug|Any CPU = Debug|Any CPU
		Release|Any CPU = Release|Any CPU
	EndGlobalSection
	GlobalSection(ProjectConfigurationPlatforms) = postSolution
		{80180C2F-69DE-4381-ABED-98557518A871}.Debug|Any CPU.ActiveCfg = Debug|Any CPU
		{80180C2F-69DE-4381-ABED-98557518A871}.Debug|Any CPU.Build.0 = Debug|Any CPU
		{80180C2F-69DE-4381-ABED-98557518A871}.Release|Any CPU.ActiveCfg = Release|Any CPU
		{80180C2F-69DE-4381-ABED-98557518A871}.Release|Any CPU.Build.0 = Release|Any CPU
	EndGlobalSection
	GlobalSection(SolutionProperties) = preSolution
		HideSolutionNode = FALSE
	EndGlobalSection
	GlobalSection(ExtensibilityGlobals) = postSolution
		SolutionGuid = {8FB1B271-7BD1-44BD-A5DD-11C23A2C546B}
	EndGlobalSection
EndGlobal
